
Microsoft Visual Studio Solution File, Format Version 12.00
# Visual Studio Version 17
VisualStudioVersion = 17.10.35013.160
MinimumVisualStudioVersion = 10.0.40219.1
Project("{2150E333-8FDC-42A3-9474-1A3956D46DE8}") = "src", "src", "{33143797-AA52-4799-BC9A-17BFF7B73D7B}"
EndProject
Project("{9A19103F-16F7-4668-BE54-9A1E7A4F7556}") = "SistemaGestaoBiblioteca.Api", "src\SistemaGestaoBiblioteca.Api\SistemaGestaoBiblioteca.Api.csproj", "{8F0138E4-40AD-4013-98CC-ABAC17500B2E}"
EndProject
Project("{2150E333-8FDC-42A3-9474-1A3956D46DE8}") = "tests", "tests", "{5AEBDA29-4B3A-4297-8E36-EC34A8AA89E9}"
EndProject
Project("{FAE04EC0-301F-11D3-BF4B-00C04F79EFBC}") = "SistemaGestaoBiblioteca.UnitTests", "tests\SistemaGestaoBiblioteca.UnitTests\SistemaGestaoBiblioteca.UnitTests.csproj", "{B17C5E4D-FB34-4F53-AE86-B0001C164FF6}"
EndProject
Project("{FAE04EC0-301F-11D3-BF4B-00C04F79EFBC}") = "SistemaGestaoBiblioteca.Domain", "src\SistemaGestaoBiblioteca.Domain\SistemaGestaoBiblioteca.Domain.csproj", "{D648C4E8-9DD3-43B8-B8CD-BF65700C74D2}"
EndProject
Project("{FAE04EC0-301F-11D3-BF4B-00C04F79EFBC}") = "SistemaGestaoBiblioteca.Application", "src\SistemaGestaoBiblioteca.Application\SistemaGestaoBiblioteca.Application.csproj", "{4FEF3D65-3D72-4FFF-AD07-629496C4AE5F}"
EndProject
Project("{FAE04EC0-301F-11D3-BF4B-00C04F79EFBC}") = "SistemaGestaoBiblioteca.Infrastructure", "src\SistemaGestaoBiblioteca.Infrastructure\SistemaGestaoBiblioteca.Infrastructure.csproj", "{409D1B32-20A8-4733-8F79-8D70E324CAD9}"
EndProject
Global
	GlobalSection(SolutionConfigurationPlatforms) = preSolution
		Debug|Any CPU = Debug|Any CPU
		Release|Any CPU = Release|Any CPU
	EndGlobalSection
	GlobalSection(ProjectConfigurationPlatforms) = postSolution
		{8F0138E4-40AD-4013-98CC-ABAC17500B2E}.Debug|Any CPU.ActiveCfg = Debug|Any CPU
		{8F0138E4-40AD-4013-98CC-ABAC17500B2E}.Debug|Any CPU.Build.0 = Debug|Any CPU
		{8F0138E4-40AD-4013-98CC-ABAC17500B2E}.Release|Any CPU.ActiveCfg = Release|Any CPU
		{8F0138E4-40AD-4013-98CC-ABAC17500B2E}.Release|Any CPU.Build.0 = Release|Any CPU
		{B17C5E4D-FB34-4F53-AE86-B0001C164FF6}.Debug|Any CPU.ActiveCfg = Debug|Any CPU
		{B17C5E4D-FB34-4F53-AE86-B0001C164FF6}.Debug|Any CPU.Build.0 = Debug|Any CPU
		{B17C5E4D-FB34-4F53-AE86-B0001C164FF6}.Release|Any CPU.ActiveCfg = Release|Any CPU
		{B17C5E4D-FB34-4F53-AE86-B0001C164FF6}.Release|Any CPU.Build.0 = Release|Any CPU
		{D648C4E8-9DD3-43B8-B8CD-BF65700C74D2}.Debug|Any CPU.ActiveCfg = Debug|Any CPU
		{D648C4E8-9DD3-43B8-B8CD-BF65700C74D2}.Debug|Any CPU.Build.0 = Debug|Any CPU
		{D648C4E8-9DD3-43B8-B8CD-BF65700C74D2}.Release|Any CPU.ActiveCfg = Release|Any CPU
		{D648C4E8-9DD3-43B8-B8CD-BF65700C74D2}.Release|Any CPU.Build.0 = Release|Any CPU
		{4FEF3D65-3D72-4FFF-AD07-629496C4AE5F}.Debug|Any CPU.ActiveCfg = Debug|Any CPU
		{4FEF3D65-3D72-4FFF-AD07-629496C4AE5F}.Debug|Any CPU.Build.0 = Debug|Any CPU
		{4FEF3D65-3D72-4FFF-AD07-629496C4AE5F}.Release|Any CPU.ActiveCfg = Release|Any CPU
		{4FEF3D65-3D72-4FFF-AD07-629496C4AE5F}.Release|Any CPU.Build.0 = Release|Any CPU
		{409D1B32-20A8-4733-8F79-8D70E324CAD9}.Debug|Any CPU.ActiveCfg = Debug|Any CPU
		{409D1B32-20A8-4733-8F79-8D70E324CAD9}.Debug|Any CPU.Build.0 = Debug|Any CPU
		{409D1B32-20A8-4733-8F79-8D70E324CAD9}.Release|Any CPU.ActiveCfg = Release|Any CPU
		{409D1B32-20A8-4733-8F79-8D70E324CAD9}.Release|Any CPU.Build.0 = Release|Any CPU
	EndGlobalSection
	GlobalSection(SolutionProperties) = preSolution
		HideSolutionNode = FALSE
	EndGlobalSection
	GlobalSection(NestedProjects) = preSolution
		{8F0138E4-40AD-4013-98CC-ABAC17500B2E} = {33143797-AA52-4799-BC9A-17BFF7B73D7B}
		{B17C5E4D-FB34-4F53-AE86-B0001C164FF6} = {5AEBDA29-4B3A-4297-8E36-EC34A8AA89E9}
		{D648C4E8-9DD3-43B8-B8CD-BF65700C74D2} = {33143797-AA52-4799-BC9A-17BFF7B73D7B}
		{4FEF3D65-3D72-4FFF-AD07-629496C4AE5F} = {33143797-AA52-4799-BC9A-17BFF7B73D7B}
		{409D1B32-20A8-4733-8F79-8D70E324CAD9} = {33143797-AA52-4799-BC9A-17BFF7B73D7B}
	EndGlobalSection
	GlobalSection(ExtensibilityGlobals) = postSolution
		SolutionGuid = {D528BEEA-4D8B-4386-8A5B-172516DFF606}
	EndGlobalSection
EndGlobal
